// !$*UTF8*$!
{
	archiveVersion = 1;
	classes = {
	};
	objectVersion = 56;
	objects = {

/* Begin PBXBuildFile section */
		A57843C5290A9EF200EDCD80 /* WebService.swift in Sources */ = {isa = PBXBuildFile; fileRef = A57843C4290A9EF200EDCD80 /* WebService.swift */; };
		A57843C8290AA5D900EDCD80 /* Order.swift in Sources */ = {isa = PBXBuildFile; fileRef = A57843C7290AA5D900EDCD80 /* Order.swift */; };
		A57843CB290AC82300EDCD80 /* OrderViewModel.swift in Sources */ = {isa = PBXBuildFile; fileRef = A57843CA290AC82300EDCD80 /* OrderViewModel.swift */; };
		A59BEBA2290A6592006537C9 /* AppDelegate.swift in Sources */ = {isa = PBXBuildFile; fileRef = A59BEBA1290A6592006537C9 /* AppDelegate.swift */; };
		A59BEBA4290A6592006537C9 /* SceneDelegate.swift in Sources */ = {isa = PBXBuildFile; fileRef = A59BEBA3290A6592006537C9 /* SceneDelegate.swift */; };
		A59BEBA9290A6592006537C9 /* Main.storyboard in Resources */ = {isa = PBXBuildFile; fileRef = A59BEBA7290A6592006537C9 /* Main.storyboard */; };
		A59BEBAB290A6595006537C9 /* Assets.xcassets in Resources */ = {isa = PBXBuildFile; fileRef = A59BEBAA290A6595006537C9 /* Assets.xcassets */; };
		A59BEBAE290A6595006537C9 /* LaunchScreen.storyboard in Resources */ = {isa = PBXBuildFile; fileRef = A59BEBAC290A6595006537C9 /* LaunchScreen.storyboard */; };
		A59BEBB7290A679B006537C9 /* OrdersTableViewController.swift in Sources */ = {isa = PBXBuildFile; fileRef = A59BEBB6290A679B006537C9 /* OrdersTableViewController.swift */; };
		A59BEBB9290A67FF006537C9 /* AddOrderViewController.swift in Sources */ = {isa = PBXBuildFile; fileRef = A59BEBB8290A67FF006537C9 /* AddOrderViewController.swift */; };
/* End PBXBuildFile section */

/* Begin PBXFileReference section */
		A57843C4290A9EF200EDCD80 /* WebService.swift */ = {isa = PBXFileReference; lastKnownFileType = sourcecode.swift; path = WebService.swift; sourceTree = "<group>"; };
		A57843C7290AA5D900EDCD80 /* Order.swift */ = {isa = PBXFileReference; lastKnownFileType = sourcecode.swift; path = Order.swift; sourceTree = "<group>"; };
		A57843CA290AC82300EDCD80 /* OrderViewModel.swift */ = {isa = PBXFileReference; lastKnownFileType = sourcecode.swift; path = OrderViewModel.swift; sourceTree = "<group>"; };
		A59BEB9E290A6592006537C9 /* MVVM_HotCoffee.app */ = {isa = PBXFileReference; explicitFileType = wrapper.application; includeInIndex = 0; path = MVVM_HotCoffee.app; sourceTree = BUILT_PRODUCTS_DIR; };
		A59BEBA1290A6592006537C9 /* AppDelegate.swift */ = {isa = PBXFileReference; lastKnownFileType = sourcecode.swift; path = AppDelegate.swift; sourceTree = "<group>"; };
		A59BEBA3290A6592006537C9 /* SceneDelegate.swift */ = {isa = PBXFileReference; lastKnownFileType = sourcecode.swift; path = SceneDelegate.swift; sourceTree = "<group>"; };
		A59BEBA8290A6592006537C9 /* Base */ = {isa = PBXFileReference; lastKnownFileType = file.storyboard; name = Base; path = Base.lproj/Main.storyboard; sourceTree = "<group>"; };
		A59BEBAA290A6595006537C9 /* Assets.xcassets */ = {isa = PBXFileReference; lastKnownFileType = folder.assetcatalog; path = Assets.xcassets; sourceTree = "<group>"; };
		A59BEBAD290A6595006537C9 /* Base */ = {isa = PBXFileReference; lastKnownFileType = file.storyboard; name = Base; path = Base.lproj/LaunchScreen.storyboard; sourceTree = "<group>"; };
		A59BEBAF290A6595006537C9 /* Info.plist */ = {isa = PBXFileReference; lastKnownFileType = text.plist.xml; path = Info.plist; sourceTree = "<group>"; };
		A59BEBB6290A679B006537C9 /* OrdersTableViewController.swift */ = {isa = PBXFileReference; lastKnownFileType = sourcecode.swift; path = OrdersTableViewController.swift; sourceTree = "<group>"; };
		A59BEBB8290A67FF006537C9 /* AddOrderViewController.swift */ = {isa = PBXFileReference; lastKnownFileType = sourcecode.swift; path = AddOrderViewController.swift; sourceTree = "<group>"; };
/* End PBXFileReference section */

/* Begin PBXFrameworksBuildPhase section */
		A59BEB9B290A6592006537C9 /* Frameworks */ = {
			isa = PBXFrameworksBuildPhase;
			buildActionMask = 2147483647;
			files = (
			);
			runOnlyForDeploymentPostprocessing = 0;
		};
/* End PBXFrameworksBuildPhase section */

/* Begin PBXGroup section */
		A57843C3290A9EB700EDCD80 /* Services */ = {
			isa = PBXGroup;
			children = (
				A57843C4290A9EF200EDCD80 /* WebService.swift */,
			);
			path = Services;
			sourceTree = "<group>";
		};
		A57843C6290AA5B700EDCD80 /* Models */ = {
			isa = PBXGroup;
			children = (
				A57843C7290AA5D900EDCD80 /* Order.swift */,
			);
			path = Models;
			sourceTree = "<group>";
		};
		A57843C9290AC80700EDCD80 /* ViewModels */ = {
			isa = PBXGroup;
			children = (
				A57843CA290AC82300EDCD80 /* OrderViewModel.swift */,
			);
			path = ViewModels;
			sourceTree = "<group>";
		};
		A59BEB95290A6592006537C9 = {
			isa = PBXGroup;
			children = (
				A59BEBA0290A6592006537C9 /* MVVM_HotCoffee */,
				A59BEB9F290A6592006537C9 /* Products */,
			);
			sourceTree = "<group>";
		};
		A59BEB9F290A6592006537C9 /* Products */ = {
			isa = PBXGroup;
			children = (
				A59BEB9E290A6592006537C9 /* MVVM_HotCoffee.app */,
			);
			name = Products;
			sourceTree = "<group>";
		};
		A59BEBA0290A6592006537C9 /* MVVM_HotCoffee */ = {
			isa = PBXGroup;
			children = (
				A57843C9290AC80700EDCD80 /* ViewModels */,
				A57843C6290AA5B700EDCD80 /* Models */,
				A57843C3290A9EB700EDCD80 /* Services */,
				A59BEBB5290A65F7006537C9 /* Controllers */,
				A59BEBA1290A6592006537C9 /* AppDelegate.swift */,
				A59BEBA3290A6592006537C9 /* SceneDelegate.swift */,
				A59BEBA7290A6592006537C9 /* Main.storyboard */,
				A59BEBAA290A6595006537C9 /* Assets.xcassets */,
				A59BEBAC290A6595006537C9 /* LaunchScreen.storyboard */,
				A59BEBAF290A6595006537C9 /* Info.plist */,
			);
			path = MVVM_HotCoffee;
			sourceTree = "<group>";
		};
		A59BEBB5290A65F7006537C9 /* Controllers */ = {
			isa = PBXGroup;
			children = (
				A59BEBB6290A679B006537C9 /* OrdersTableViewController.swift */,
				A59BEBB8290A67FF006537C9 /* AddOrderViewController.swift */,
			);
			path = Controllers;
			sourceTree = "<group>";
		};
/* End PBXGroup section */

/* Begin PBXNativeTarget section */
		A59BEB9D290A6592006537C9 /* MVVM_HotCoffee */ = {
			isa = PBXNativeTarget;
			buildConfigurationList = A59BEBB2290A6595006537C9 /* Build configuration list for PBXNativeTarget "MVVM_HotCoffee" */;
			buildPhases = (
				A59BEB9A290A6592006537C9 /* Sources */,
				A59BEB9B290A6592006537C9 /* Frameworks */,
				A59BEB9C290A6592006537C9 /* Resources */,
			);
			buildRules = (
			);
			dependencies = (
			);
			name = MVVM_HotCoffee;
			productName = MVVM_HotCoffee;
			productReference = A59BEB9E290A6592006537C9 /* MVVM_HotCoffee.app */;
			productType = "com.apple.product-type.application";
		};
/* End PBXNativeTarget section */

/* Begin PBXProject section */
		A59BEB96290A6592006537C9 /* Project object */ = {
			isa = PBXProject;
			attributes = {
				BuildIndependentTargetsInParallel = 1;
				LastSwiftUpdateCheck = 1400;
				LastUpgradeCheck = 1400;
				TargetAttributes = {
					A59BEB9D290A6592006537C9 = {
						CreatedOnToolsVersion = 14.0.1;
					};
				};
			};
			buildConfigurationList = A59BEB99290A6592006537C9 /* Build configuration list for PBXProject "MVVM_HotCoffee" */;
			compatibilityVersion = "Xcode 14.0";
			developmentRegion = en;
			hasScannedForEncodings = 0;
			knownRegions = (
				en,
				Base,
			);
			mainGroup = A59BEB95290A6592006537C9;
			productRefGroup = A59BEB9F290A6592006537C9 /* Products */;
			projectDirPath = "";
			projectRoot = "";
			targets = (
				A59BEB9D290A6592006537C9 /* MVVM_HotCoffee */,
			);
		};
/* End PBXProject section */

/* Begin PBXResourcesBuildPhase section */
		A59BEB9C290A6592006537C9 /* Resources */ = {
			isa = PBXResourcesBuildPhase;
			buildActionMask = 2147483647;
			files = (
				A59BEBAE290A6595006537C9 /* LaunchScreen.storyboard in Resources */,
				A59BEBAB290A6595006537C9 /* Assets.xcassets in Resources */,
				A59BEBA9290A6592006537C9 /* Main.storyboard in Resources */,
			);
			runOnlyForDeploymentPostprocessing = 0;
		};
/* End PBXResourcesBuildPhase section */

/* Begin PBXSourcesBuildPhase section */
		A59BEB9A290A6592006537C9 /* Sources */ = {
			isa = PBXSourcesBuildPhase;
			buildActionMask = 2147483647;
			files = (
				A57843C8290AA5D900EDCD80 /* Order.swift in Sources */,
				A59BEBA2290A6592006537C9 /* AppDelegate.swift in Sources */,
				A59BEBA4290A6592006537C9 /* SceneDelegate.swift in Sources */,
				A59BEBB7290A679B006537C9 /* OrdersTableViewController.swift in Sources */,
				A57843C5290A9EF200EDCD80 /* WebService.swift in Sources */,
				A57843CB290AC82300EDCD80 /* OrderViewModel.swift in Sources */,
				A59BEBB9290A67FF006537C9 /* AddOrderViewController.swift in Sources */,
			);
			runOnlyForDeploymentPostprocessing = 0;
		};
/* End PBXSourcesBuildPhase section */

/* Begin PBXVariantGroup section */
		A59BEBA7290A6592006537C9 /* Main.storyboard */ = {
			isa = PBXVariantGroup;
			children = (
				A59BEBA8290A6592006537C9 /* Base */,
			);
			name = Main.storyboard;
			sourceTree = "<group>";
		};
		A59BEBAC290A6595006537C9 /* LaunchScreen.storyboard */ = {
			isa = PBXVariantGroup;
			children = (
				A59BEBAD290A6595006537C9 /* Base */,
			);
			name = LaunchScreen.storyboard;
			sourceTree = "<group>";
		};
/* End PBXVariantGroup section */

/* Begin XCBuildConfiguration section */
		A59BEBB0290A6595006537C9 /* Debug */ = {
			isa = XCBuildConfiguration;
			buildSettings = {
				ALWAYS_SEARCH_USER_PATHS = NO;
				CLANG_ANALYZER_NONNULL = YES;
				CLANG_ANALYZER_NUMBER_OBJECT_CONVERSION = YES_AGGRESSIVE;
				CLANG_CXX_LANGUAGE_STANDARD = "gnu++20";
				CLANG_ENABLE_MODULES = YES;
				CLANG_ENABLE_OBJC_ARC = YES;
				CLANG_ENABLE_OBJC_WEAK = YES;
				CLANG_WARN_BLOCK_CAPTURE_AUTORELEASING = YES;
				CLANG_WARN_BOOL_CONVERSION = YES;
				CLANG_WARN_COMMA = YES;
				CLANG_WARN_CONSTANT_CONVERSION = YES;
				CLANG_WARN_DEPRECATED_OBJC_IMPLEMENTATIONS = YES;
				CLANG_WARN_DIRECT_OBJC_ISA_USAGE = YES_ERROR;
				CLANG_WARN_DOCUMENTATION_COMMENTS = YES;
				CLANG_WARN_EMPTY_BODY = YES;
				CLANG_WARN_ENUM_CONVERSION = YES;
				CLANG_WARN_INFINITE_RECURSION = YES;
				CLANG_WARN_INT_CONVERSION = YES;
				CLANG_WARN_NON_LITERAL_NULL_CONVERSION = YES;
				CLANG_WARN_OBJC_IMPLICIT_RETAIN_SELF = YES;
				CLANG_WARN_OBJC_LITERAL_CONVERSION = YES;
				CLANG_WARN_OBJC_ROOT_CLASS = YES_ERROR;
				CLANG_WARN_QUOTED_INCLUDE_IN_FRAMEWORK_HEADER = YES;
				CLANG_WARN_RANGE_LOOP_ANALYSIS = YES;
				CLANG_WARN_STRICT_PROTOTYPES = YES;
				CLANG_WARN_SUSPICIOUS_MOVE = YES;
				CLANG_WARN_UNGUARDED_AVAILABILITY = YES_AGGRESSIVE;
				CLANG_WARN_UNREACHABLE_CODE = YES;
				CLANG_WARN__DUPLICATE_METHOD_MATCH = YES;
				COPY_PHASE_STRIP = NO;
				DEBUG_INFORMATION_FORMAT = dwarf;
				ENABLE_STRICT_OBJC_MSGSEND = YES;
				ENABLE_TESTABILITY = YES;
				GCC_C_LANGUAGE_STANDARD = gnu11;
				GCC_DYNAMIC_NO_PIC = NO;
				GCC_NO_COMMON_BLOCKS = YES;
				GCC_OPTIMIZATION_LEVEL = 0;
				GCC_PREPROCESSOR_DEFINITIONS = (
					"DEBUG=1",
					"$(inherited)",
				);
				GCC_WARN_64_TO_32_BIT_CONVERSION = YES;
				GCC_WARN_ABOUT_RETURN_TYPE = YES_ERROR;
				GCC_WARN_UNDECLARED_SELECTOR = YES;
				GCC_WARN_UNINITIALIZED_AUTOS = YES_AGGRESSIVE;
				GCC_WARN_UNUSED_FUNCTION = YES;
				GCC_WARN_UNUSED_VARIABLE = YES;
				IPHONEOS_DEPLOYMENT_TARGET = 16.0;
				MTL_ENABLE_DEBUG_INFO = INCLUDE_SOURCE;
				MTL_FAST_MATH = YES;
				ONLY_ACTIVE_ARCH = YES;
				SDKROOT = iphoneos;
				SWIFT_ACTIVE_COMPILATION_CONDITIONS = DEBUG;
				SWIFT_OPTIMIZATION_LEVEL = "-Onone";
			};
			name = Debug;
		};
		A59BEBB1290A6595006537C9 /* Release */ = {
			isa = XCBuildConfiguration;
			buildSettings = {
				ALWAYS_SEARCH_USER_PATHS = NO;
				CLANG_ANALYZER_NONNULL = YES;
				CLANG_ANALYZER_NUMBER_OBJECT_CONVERSION = YES_AGGRESSIVE;
				CLANG_CXX_LANGUAGE_STANDARD = "gnu++20";
				CLANG_ENABLE_MODULES = YES;
				CLANG_ENABLE_OBJC_ARC = YES;
				CLANG_ENABLE_OBJC_WEAK = YES;
				CLANG_WARN_BLOCK_CAPTURE_AUTORELEASING = YES;
				CLANG_WARN_BOOL_CONVERSION = YES;
				CLANG_WARN_COMMA = YES;
				CLANG_WARN_CONSTANT_CONVERSION = YES;
				CLANG_WARN_DEPRECATED_OBJC_IMPLEMENTATIONS = YES;
				CLANG_WARN_DIRECT_OBJC_ISA_USAGE = YES_ERROR;
				CLANG_WARN_DOCUMENTATION_COMMENTS = YES;
				CLANG_WARN_EMPTY_BODY = YES;
				CLANG_WARN_ENUM_CONVERSION = YES;
				CLANG_WARN_INFINITE_RECURSION = YES;
				CLANG_WARN_INT_CONVERSION = YES;
				CLANG_WARN_NON_LITERAL_NULL_CONVERSION = YES;
				CLANG_WARN_OBJC_IMPLICIT_RETAIN_SELF = YES;
				CLANG_WARN_OBJC_LITERAL_CONVERSION = YES;
				CLANG_WARN_OBJC_ROOT_CLASS = YES_ERROR;
				CLANG_WARN_QUOTED_INCLUDE_IN_FRAMEWORK_HEADER = YES;
				CLANG_WARN_RANGE_LOOP_ANALYSIS = YES;
				CLANG_WARN_STRICT_PROTOTYPES = YES;
				CLANG_WARN_SUSPICIOUS_MOVE = YES;
				CLANG_WARN_UNGUARDED_AVAILABILITY = YES_AGGRESSIVE;
				CLANG_WARN_UNREACHABLE_CODE = YES;
				CLANG_WARN__DUPLICATE_METHOD_MATCH = YES;
				COPY_PHASE_STRIP = NO;
				DEBUG_INFORMATION_FORMAT = "dwarf-with-dsym";
				ENABLE_NS_ASSERTIONS = NO;
				ENABLE_STRICT_OBJC_MSGSEND = YES;
				GCC_C_LANGUAGE_STANDARD = gnu11;
				GCC_NO_COMMON_BLOCKS = YES;
				GCC_WARN_64_TO_32_BIT_CONVERSION = YES;
				GCC_WARN_ABOUT_RETURN_TYPE = YES_ERROR;
				GCC_WARN_UNDECLARED_SELECTOR = YES;
				GCC_WARN_UNINITIALIZED_AUTOS = YES_AGGRESSIVE;
				GCC_WARN_UNUSED_FUNCTION = YES;
				GCC_WARN_UNUSED_VARIABLE = YES;
				IPHONEOS_DEPLOYMENT_TARGET = 16.0;
				MTL_ENABLE_DEBUG_INFO = NO;
				MTL_FAST_MATH = YES;
				SDKROOT = iphoneos;
				SWIFT_COMPILATION_MODE = wholemodule;
				SWIFT_OPTIMIZATION_LEVEL = "-O";
				VALIDATE_PRODUCT = YES;
			};
			name = Release;
		};
		A59BEBB3290A6595006537C9 /* Debug */ = {
			isa = XCBuildConfiguration;
			buildSettings = {
				ASSETCATALOG_COMPILER_APPICON_NAME = AppIcon;
				ASSETCATALOG_COMPILER_GLOBAL_ACCENT_COLOR_NAME = AccentColor;
				CODE_SIGN_STYLE = Automatic;
				CURRENT_PROJECT_VERSION = 1;
				DEVELOPMENT_TEAM = H32J47ML7Z;
				GENERATE_INFOPLIST_FILE = YES;
				INFOPLIST_FILE = MVVM_HotCoffee/Info.plist;
				INFOPLIST_KEY_UIApplicationSupportsIndirectInputEvents = YES;
				INFOPLIST_KEY_UILaunchStoryboardName = LaunchScreen;
				INFOPLIST_KEY_UIMainStoryboardFile = Main;
				INFOPLIST_KEY_UISupportedInterfaceOrientations_iPad = "UIInterfaceOrientationPortrait UIInterfaceOrientationPortraitUpsideDown UIInterfaceOrientationLandscapeLeft UIInterfaceOrientationLandscapeRight";
				INFOPLIST_KEY_UISupportedInterfaceOrientations_iPhone = "UIInterfaceOrientationPortrait UIInterfaceOrientationLandscapeLeft UIInterfaceOrientationLandscapeRight";
				LD_RUNPATH_SEARCH_PATHS = (
					"$(inherited)",
					"@executable_path/Frameworks",
				);
				MARKETING_VERSION = 1.0;
				PRODUCT_BUNDLE_IDENTIFIER = "com.example.MVVM-HotCoffee";
				PRODUCT_NAME = "$(TARGET_NAME)";
				SWIFT_EMIT_LOC_STRINGS = YES;
				SWIFT_VERSION = 5.0;
				TARGETED_DEVICE_FAMILY = "1,2";
			};
			name = Debug;
		};
		A59BEBB4290A6595006537C9 /* Release */ = {
			isa = XCBuildConfiguration;
			buildSettings = {
				ASSETCATALOG_COMPILER_APPICON_NAME = AppIcon;
				ASSETCATALOG_COMPILER_GLOBAL_ACCENT_COLOR_NAME = AccentColor;
				CODE_SIGN_STYLE = Automatic;
				CURRENT_PROJECT_VERSION = 1;
				DEVELOPMENT_TEAM = H32J47ML7Z;
				GENERATE_INFOPLIST_FILE = YES;
				INFOPLIST_FILE = MVVM_HotCoffee/Info.plist;
				INFOPLIST_KEY_UIApplicationSupportsIndirectInputEvents = YES;
				INFOPLIST_KEY_UILaunchStoryboardName = LaunchScreen;
				INFOPLIST_KEY_UIMainStoryboardFile = Main;
				INFOPLIST_KEY_UISupportedInterfaceOrientations_iPad = "UIInterfaceOrientationPortrait UIInterfaceOrientationPortraitUpsideDown UIInterfaceOrientationLandscapeLeft UIInterfaceOrientationLandscapeRight";
				INFOPLIST_KEY_UISupportedInterfaceOrientations_iPhone = "UIInterfaceOrientationPortrait UIInterfaceOrientationLandscapeLeft UIInterfaceOrientationLandscapeRight";
				LD_RUNPATH_SEARCH_PATHS = (
					"$(inherited)",
					"@executable_path/Frameworks",
				);
				MARKETING_VERSION = 1.0;
				PRODUCT_BUNDLE_IDENTIFIER = "com.example.MVVM-HotCoffee";
				PRODUCT_NAME = "$(TARGET_NAME)";
				SWIFT_EMIT_LOC_STRINGS = YES;
				SWIFT_VERSION = 5.0;
				TARGETED_DEVICE_FAMILY = "1,2";
			};
			name = Release;
		};
/* End XCBuildConfiguration section */

/* Begin XCConfigurationList section */
		A59BEB99290A6592006537C9 /* Build configuration list for PBXProject "MVVM_HotCoffee" */ = {
			isa = XCConfigurationList;
			buildConfigurations = (
				A59BEBB0290A6595006537C9 /* Debug */,
				A59BEBB1290A6595006537C9 /* Release */,
			);
			defaultConfigurationIsVisible = 0;
			defaultConfigurationName = Release;
		};
		A59BEBB2290A6595006537C9 /* Build configuration list for PBXNativeTarget "MVVM_HotCoffee" */ = {
			isa = XCConfigurationList;
			buildConfigurations = (
				A59BEBB3290A6595006537C9 /* Debug */,
				A59BEBB4290A6595006537C9 /* Release */,
			);
			defaultConfigurationIsVisible = 0;
			defaultConfigurationName = Release;
		};
/* End XCConfigurationList section */
	};
	rootObject = A59BEB96290A6592006537C9 /* Project object */;
}
